
Microsoft Visual Studio Solution File, Format Version 12.00
# Visual Studio 15
VisualStudioVersion = 15.0.27703.2042
MinimumVisualStudioVersion = 10.0.40219.1
Project("{FAE04EC0-301F-11D3-BF4B-00C04F79EFBC}") = "PutridParrot.Collections", "PutridParrot.Collections\PutridParrot.Collections.csproj", "{83B0D552-2412-4332-99EB-13E93CA21CD0}"
EndProject
Project("{FAE04EC0-301F-11D3-BF4B-00C04F79EFBC}") = "PutridParrot.Collections.4.7.1", "PutridParrot.Collections.4.7.1\PutridParrot.Collections.4.7.1.csproj", "{22C2FDF9-099D-4A69-A6E4-96B49A4F6147}"
EndProject
Project("{FAE04EC0-301F-11D3-BF4B-00C04F79EFBC}") = "Tests.PutridParrot.Collections", "Tests.PutridParrot.Collections\Tests.PutridParrot.Collections.csproj", "{829A02FB-67B7-4253-B72B-0FB085BC2546}"
EndProject
Global
	GlobalSection(SolutionConfigurationPlatforms) = preSolution
		Debug|Any CPU = Debug|Any CPU
		Release|Any CPU = Release|Any CPU
	EndGlobalSection
	GlobalSection(ProjectConfigurationPlatforms) = postSolution
		{83B0D552-2412-4332-99EB-13E93CA21CD0}.Debug|Any CPU.ActiveCfg = Debug|Any CPU
		{83B0D552-2412-4332-99EB-13E93CA21CD0}.Debug|Any CPU.Build.0 = Debug|Any CPU
		{83B0D552-2412-4332-99EB-13E93CA21CD0}.Release|Any CPU.ActiveCfg = Release|Any CPU
		{83B0D552-2412-4332-99EB-13E93CA21CD0}.Release|Any CPU.Build.0 = Release|Any CPU
		{22C2FDF9-099D-4A69-A6E4-96B49A4F6147}.Debug|Any CPU.ActiveCfg = Debug|Any CPU
		{22C2FDF9-099D-4A69-A6E4-96B49A4F6147}.Debug|Any CPU.Build.0 = Debug|Any CPU
		{22C2FDF9-099D-4A69-A6E4-96B49A4F6147}.Release|Any CPU.ActiveCfg = Release|Any CPU
		{22C2FDF9-099D-4A69-A6E4-96B49A4F6147}.Release|Any CPU.Build.0 = Release|Any CPU
		{829A02FB-67B7-4253-B72B-0FB085BC2546}.Debug|Any CPU.ActiveCfg = Debug|Any CPU
		{829A02FB-67B7-4253-B72B-0FB085BC2546}.Debug|Any CPU.Build.0 = Debug|Any CPU
		{829A02FB-67B7-4253-B72B-0FB085BC2546}.Release|Any CPU.ActiveCfg = Release|Any CPU
		{829A02FB-67B7-4253-B72B-0FB085BC2546}.Release|Any CPU.Build.0 = Release|Any CPU
	EndGlobalSection
	GlobalSection(SolutionProperties) = preSolution
		HideSolutionNode = FALSE
	EndGlobalSection
	GlobalSection(ExtensibilityGlobals) = postSolution
		SolutionGuid = {39D3894D-2167-4CD7-91E9-C4AB894E697D}
	EndGlobalSection
EndGlobal
