
Microsoft Visual Studio Solution File, Format Version 12.00
# Visual Studio Version 16
VisualStudioVersion = 16.0.30011.22
MinimumVisualStudioVersion = 10.0.40219.1
Project("{9A19103F-16F7-4668-BE54-9A1E7A4F7556}") = "PutridParrot.Collections", "PutridParrot.Collections\PutridParrot.Collections.csproj", "{83B0D552-2412-4332-99EB-13E93CA21CD0}"
EndProject
Project("{FAE04EC0-301F-11D3-BF4B-00C04F79EFBC}") = "Tests.PutridParrot.Collections", "Tests.PutridParrot.Collections\Tests.PutridParrot.Collections.csproj", "{711C5B29-71A1-4949-A12D-F7E95527457E}"
EndProject
Global
	GlobalSection(SolutionConfigurationPlatforms) = preSolution
		Debug|Any CPU = Debug|Any CPU
		Release|Any CPU = Release|Any CPU
	EndGlobalSection
	GlobalSection(ProjectConfigurationPlatforms) = postSolution
		{83B0D552-2412-4332-99EB-13E93CA21CD0}.Debug|Any CPU.ActiveCfg = Debug|Any CPU
		{83B0D552-2412-4332-99EB-13E93CA21CD0}.Debug|Any CPU.Build.0 = Debug|Any CPU
		{83B0D552-2412-4332-99EB-13E93CA21CD0}.Release|Any CPU.ActiveCfg = Release|Any CPU
		{83B0D552-2412-4332-99EB-13E93CA21CD0}.Release|Any CPU.Build.0 = Release|Any CPU
		{711C5B29-71A1-4949-A12D-F7E95527457E}.Debug|Any CPU.ActiveCfg = Debug|Any CPU
		{711C5B29-71A1-4949-A12D-F7E95527457E}.Debug|Any CPU.Build.0 = Debug|Any CPU
		{711C5B29-71A1-4949-A12D-F7E95527457E}.Release|Any CPU.ActiveCfg = Release|Any CPU
		{711C5B29-71A1-4949-A12D-F7E95527457E}.Release|Any CPU.Build.0 = Release|Any CPU
	EndGlobalSection
	GlobalSection(SolutionProperties) = preSolution
		HideSolutionNode = FALSE
	EndGlobalSection
	GlobalSection(ExtensibilityGlobals) = postSolution
		SolutionGuid = {39D3894D-2167-4CD7-91E9-C4AB894E697D}
	EndGlobalSection
EndGlobal
